{
  "version": "3",
  "redirects": {
    "https://esm.sh/luxon@latest": "https://esm.sh/luxon@3.4.4",
    "https://esm.sh/v135/@types/luxon@^3/index.d.ts": "https://esm.sh/v135/@types/luxon@3.4.2/index.d.ts"
  },
  "remote": {
    "https://cdn.jsdelivr.net/npm/luxon@3.4.4/build/global/luxon.min.js": "ecd426d1b86f0c92a8b0bf1dfba6604a2d8bc59088700fd30f4f3b18b1013bd3",
    "https://deno.land/std@0.190.0/_util/asserts.ts": "178dfc49a464aee693a7e285567b3d0b555dc805ff490505a8aae34f9cfb1462",
    "https://deno.land/std@0.190.0/_util/os.ts": "d932f56d41e4f6a6093d56044e29ce637f8dcc43c5a90af43504a889cf1775e3",
    "https://deno.land/std@0.190.0/fs/_util.ts": "579038bebc3bd35c43a6a7766f7d91fbacdf44bc03468e9d3134297bb99ed4f9",
    "https://deno.land/std@0.190.0/fs/copy.ts": "14214efd94fc3aa6db1e4af2b4b9578e50f7362b7f3725d5a14ad259a5df26c8",
    "https://deno.land/std@0.190.0/fs/empty_dir.ts": "c3d2da4c7352fab1cf144a1ecfef58090769e8af633678e0f3fabaef98594688",
    "https://deno.land/std@0.190.0/fs/ensure_dir.ts": "dc64c4c75c64721d4e3fb681f1382f803ff3d2868f08563ff923fdd20d071c40",
    "https://deno.land/std@0.190.0/fs/ensure_file.ts": "c38602670bfaf259d86ca824a94e6cb9e5eb73757fefa4ebf43a90dd017d53d9",
    "https://deno.land/std@0.190.0/fs/ensure_link.ts": "c0f5b2f0ec094ed52b9128eccb1ee23362a617457aa0f699b145d4883f5b2fb4",
    "https://deno.land/std@0.190.0/fs/ensure_symlink.ts": "5006ab2f458159c56d689b53b1e48d57e05eeb1eaf64e677f7f76a30bc4fdba1",
    "https://deno.land/std@0.190.0/fs/eol.ts": "f1f2eb348a750c34500741987b21d65607f352cf7205f48f4319d417fff42842",
    "https://deno.land/std@0.190.0/fs/exists.ts": "29c26bca8584a22876be7cb8844f1b6c8fc35e9af514576b78f5c6884d7ed02d",
    "https://deno.land/std@0.190.0/fs/expand_glob.ts": "e4f56259a0a70fe23f05215b00de3ac5e6ba46646ab2a06ebbe9b010f81c972a",
    "https://deno.land/std@0.190.0/fs/mod.ts": "bc3d0acd488cc7b42627044caf47d72019846d459279544e1934418955ba4898",
    "https://deno.land/std@0.190.0/fs/move.ts": "b4f8f46730b40c32ea3c0bc8eb0fd0e8139249a698883c7b3756424cf19785c9",
    "https://deno.land/std@0.190.0/fs/walk.ts": "920be35a7376db6c0b5b1caf1486fb962925e38c9825f90367f8f26b5e5d0897",
    "https://deno.land/std@0.190.0/path/_constants.ts": "e49961f6f4f48039c0dfed3c3f93e963ca3d92791c9d478ac5b43183413136e0",
    "https://deno.land/std@0.190.0/path/_interface.ts": "6471159dfbbc357e03882c2266d21ef9afdb1e4aa771b0545e90db58a0ba314b",
    "https://deno.land/std@0.190.0/path/_util.ts": "d7abb1e0dea065f427b89156e28cdeb32b045870acdf865833ba808a73b576d0",
    "https://deno.land/std@0.190.0/path/common.ts": "ee7505ab01fd22de3963b64e46cff31f40de34f9f8de1fff6a1bd2fe79380000",
    "https://deno.land/std@0.190.0/path/glob.ts": "d479e0a695621c94d3fd7fe7abd4f9499caf32a8de13f25073451c6ef420a4e1",
    "https://deno.land/std@0.190.0/path/mod.ts": "ee161baec5ded6510ee1d1fb6a75a0f5e4b41f3f3301c92c716ecbdf7dae910d",
    "https://deno.land/std@0.190.0/path/posix.ts": "8b7c67ac338714b30c816079303d0285dd24af6b284f7ad63da5b27372a2c94d",
    "https://deno.land/std@0.190.0/path/separator.ts": "0fb679739d0d1d7bf45b68dacfb4ec7563597a902edbaf3c59b50d5bcadd93b1",
    "https://deno.land/std@0.190.0/path/win32.ts": "d186344e5583bcbf8b18af416d13d82b35a317116e6460a5a3953508c3de5bba",
    "https://deno.land/std@0.220.1/assert/assert.ts": "bec068b2fccdd434c138a555b19a2c2393b71dfaada02b7d568a01541e67cdc5",
    "https://deno.land/std@0.220.1/assert/assert_exists.ts": "24a7bf965e634f909242cd09fbaf38bde6b791128ece08e33ab08586a7cc55c9",
    "https://deno.land/std@0.220.1/assert/assertion_error.ts": "9f689a101ee586c4ce92f52fa7ddd362e86434ffdf1f848e45987dc7689976b8",
    "https://deno.land/std@0.220.1/cli/parse_args.ts": "a9e4ae8dbd0a96ad974d2f645af8143433103a17161a73dd5c2a03517bf6429d",
    "https://deno.land/std@0.220.1/csv/_io.ts": "568718b7eb4cf3ba140b0690a00ef5a8416ceae9a4116f386114c83717bd8a9e",
    "https://deno.land/std@0.220.1/csv/csv_parse_stream.ts": "f06696ed1fbda5cb75426dff735b9cc91227eb0fa5367591b98bf88b99ae3048",
    "https://deno.land/std@0.220.1/csv/csv_stringify_stream.ts": "8ea98e9e9c9e0517e34353ab30eb420d87f5e8ed0bc2094d1a8957ed17ed533c",
    "https://deno.land/std@0.220.1/csv/mod.ts": "289ecf79b3609f63dfc1d39a7c791f8f14b73b29fb65bbb6b3e3e2bd0cddc75d",
    "https://deno.land/std@0.220.1/csv/parse.ts": "3dc4a4e37e28397b269247595519ff2940bf7d1c7830c418dcd4acf5eb5768c1",
    "https://deno.land/std@0.220.1/csv/stringify.ts": "5f126cc893260555e9df00ff39480265e516f786697b19be7bbdc76f9e4f8e54",
    "https://deno.land/std@0.220.1/jsonc/parse.ts": "06fbe10f0bb0cba684f7902bf7de5126b16eb0e5a82220c98a4b86675c7f9cff",
    "https://deno.land/std@0.220.1/streams/_common.ts": "948735ef6d140cd6916dca861197b88fc57db52c2f923c392b7a14033d8fed4b",
    "https://deno.land/std@0.220.1/streams/text_delimiter_stream.ts": "94dfc900204e306496c1b58c80473db57b6097afdcb8ea9eaff453a193a659f1",
    "https://esm.sh/luxon@3.4.4": "d0ab977827047c813736ac318a7ed3494d5d2f5cea20a305405f3134f5702df7",
    "https://esm.sh/v135/luxon@3.4.4/denonext/luxon.mjs": "033dc975621243fc8a447b2268b5823944fe1fa120242543394eceb1d6c42961"
  },
  "workspace": {
    "packageJson": {
      "dependencies": [
        "npm:@felte/core@^1.4.3",
        "npm:@felte/reporter-solid@^1.2.10",
        "npm:@felte/solid@^1.2.13",
        "npm:@felte/validator-zod@^1.0.17",
        "npm:@mbarzda/solid-i18next@^1.4.1",
        "npm:@solidjs/meta@^0.29.4",
        "npm:@solidjs/router@^0.14.1",
        "npm:@solidjs/testing-library@^0.8.8",
        "npm:@tanstack/solid-query@^5.51.6",
        "npm:@tanstack/solid-table@^8.19.3",
        "npm:@testing-library/jest-dom@^6.4.6",
        "npm:@types/luxon@^3.4.2",
        "npm:@types/wicg-file-system-access@^2023.10.5",
        "npm:@typescript-eslint/eslint-plugin@^7.16.1",
        "npm:@typescript-eslint/parser@^7.16.1",
        "npm:@zag-js/combobox@0.26.0",
        "npm:@zag-js/dialog@0.26.0",
        "npm:@zag-js/hover-card@^0.26.0",
        "npm:@zag-js/popover@0.26.0",
        "npm:@zag-js/solid@0.26.0",
        "npm:autoprefixer@^10.4.19",
        "npm:axios@^1.7.2",
        "npm:classnames@^2.5.1",
        "npm:eslint-config-love@^56.0.0",
        "npm:eslint-config-prettier@^9.1.0",
        "npm:eslint-plugin-import@^2.29.1",
        "npm:eslint-plugin-n@^17.9.0",
        "npm:eslint-plugin-promise@^6.4.0",
        "npm:eslint-plugin-solid@^0.14.1",
        "npm:eslint@^9.7.0",
        "npm:html-parse-string@^0.0.9",
        "npm:i18next-http-backend@^2.5.2",
        "npm:i18next-intervalplural-postprocessor@^3.0.0",
        "npm:i18next@^23.12.1",
        "npm:jsdom@^24.1.0",
        "npm:laravel-vite-plugin@^1.0.5",
        "npm:luxon@^3.4.4",
        "npm:postcss@^8.4.39",
        "npm:prettier@^3.3.3",
        "npm:rehype-autolink-headings@^7.1.0",
        "npm:remark-custom-heading-id@^2.0.0",
        "npm:sass@^1.77.8",
        "npm:solid-icons@^1.1.0",
        "npm:solid-js@^1.8.18",
        "npm:solid-markdown@^2.0.13",
        "npm:solid-toast@^0.5.0",
        "npm:tailwindcss@^3.4.6",
        "npm:tippy.js@^6.3.7",
        "npm:typescript@^5.5.3",
        "npm:vite-plugin-eslint@^1.8.1",
        "npm:vite-plugin-solid-svg@^0.8.1",
        "npm:vite-plugin-solid@^2.10.2",
        "npm:vite-tsconfig-paths@^4.3.2",
        "npm:vite@^5.3.4",
        "npm:vitest@2.0.3",
        "npm:windows-1250@^3.0.4",
        "npm:zod@^3.23.8"
      ]
    }
  }
}
